// !$*UTF8*$!
{
	archiveVersion = 1;
	classes = {
	};
	objectVersion = 50;
	objects = {

/* Begin PBXBuildFile section */
		1D05D72F2298835600A80962 /* createButton.m in Sources */ = {isa = PBXBuildFile; fileRef = 1D05D72E2298835600A80962 /* createButton.m */; };
		1DB950C12295BFBE00FC16EE /* AppleScriptObjC.framework in Frameworks */ = {isa = PBXBuildFile; fileRef = 1DB950C02295BFBE00FC16EE /* AppleScriptObjC.framework */; };
		1DB950C42295BFBE00FC16EE /* AppDelegate.applescript in Sources */ = {isa = PBXBuildFile; fileRef = 1DB950C32295BFBE00FC16EE /* AppDelegate.applescript */; };
		1DB950C62295BFC000FC16EE /* Assets.xcassets in Resources */ = {isa = PBXBuildFile; fileRef = 1DB950C52295BFC000FC16EE /* Assets.xcassets */; };
		1DB950C92295BFC000FC16EE /* MainMenu.xib in Resources */ = {isa = PBXBuildFile; fileRef = 1DB950C72295BFC000FC16EE /* MainMenu.xib */; };
		1DB950CC2295BFC000FC16EE /* main.m in Sources */ = {isa = PBXBuildFile; fileRef = 1DB950CB2295BFC000FC16EE /* main.m */; };
/* End PBXBuildFile section */

/* Begin PBXFileReference section */
		1D05D72E2298835600A80962 /* createButton.m */ = {isa = PBXFileReference; lastKnownFileType = sourcecode.c.objc; path = createButton.m; sourceTree = "<group>"; };
		1D05D7302298AB3F00A80962 /* createButton.h */ = {isa = PBXFileReference; lastKnownFileType = sourcecode.c.h; path = createButton.h; sourceTree = "<group>"; };
		1DB950BD2295BFBE00FC16EE /* Mac Review Log Tool.app */ = {isa = PBXFileReference; explicitFileType = wrapper.application; includeInIndex = 0; path = "Mac Review Log Tool.app"; sourceTree = BUILT_PRODUCTS_DIR; };
		1DB950C02295BFBE00FC16EE /* AppleScriptObjC.framework */ = {isa = PBXFileReference; lastKnownFileType = wrapper.framework; name = AppleScriptObjC.framework; path = System/Library/Frameworks/AppleScriptObjC.framework; sourceTree = SDKROOT; };
		1DB950C32295BFBE00FC16EE /* AppDelegate.applescript */ = {isa = PBXFileReference; lastKnownFileType = sourcecode.applescript; path = AppDelegate.applescript; sourceTree = "<group>"; };
		1DB950C52295BFC000FC16EE /* Assets.xcassets */ = {isa = PBXFileReference; lastKnownFileType = folder.assetcatalog; path = Assets.xcassets; sourceTree = "<group>"; };
		1DB950C82295BFC000FC16EE /* Base */ = {isa = PBXFileReference; lastKnownFileType = file.xib; name = Base; path = Base.lproj/MainMenu.xib; sourceTree = "<group>"; };
		1DB950CA2295BFC000FC16EE /* Info.plist */ = {isa = PBXFileReference; lastKnownFileType = text.plist.xml; path = Info.plist; sourceTree = "<group>"; };
		1DB950CB2295BFC000FC16EE /* main.m */ = {isa = PBXFileReference; lastKnownFileType = sourcecode.c.objc; path = main.m; sourceTree = "<group>"; };
/* End PBXFileReference section */

/* Begin PBXFrameworksBuildPhase section */
		1DB950BA2295BFBE00FC16EE /* Frameworks */ = {
			isa = PBXFrameworksBuildPhase;
			buildActionMask = 2147483647;
			files = (
				1DB950C12295BFBE00FC16EE /* AppleScriptObjC.framework in Frameworks */,
			);
			runOnlyForDeploymentPostprocessing = 0;
		};
/* End PBXFrameworksBuildPhase section */

/* Begin PBXGroup section */
		1DB950B42295BFBE00FC16EE = {
			isa = PBXGroup;
			children = (
				1DB950C22295BFBE00FC16EE /* Mac Review Log Tool */,
				1DB950BF2295BFBE00FC16EE /* Frameworks */,
				1DB950BE2295BFBE00FC16EE /* Products */,
			);
			sourceTree = "<group>";
		};
		1DB950BE2295BFBE00FC16EE /* Products */ = {
			isa = PBXGroup;
			children = (
				1DB950BD2295BFBE00FC16EE /* Mac Review Log Tool.app */,
			);
			name = Products;
			sourceTree = "<group>";
		};
		1DB950BF2295BFBE00FC16EE /* Frameworks */ = {
			isa = PBXGroup;
			children = (
				1DB950C02295BFBE00FC16EE /* AppleScriptObjC.framework */,
			);
			name = Frameworks;
			sourceTree = "<group>";
		};
		1DB950C22295BFBE00FC16EE /* Mac Review Log Tool */ = {
			isa = PBXGroup;
			children = (
				1DB950C32295BFBE00FC16EE /* AppDelegate.applescript */,
				1DB950C52295BFC000FC16EE /* Assets.xcassets */,
				1DB950C72295BFC000FC16EE /* MainMenu.xib */,
				1DB950CA2295BFC000FC16EE /* Info.plist */,
				1DB950CB2295BFC000FC16EE /* main.m */,
				1D05D72E2298835600A80962 /* createButton.m */,
				1D05D7302298AB3F00A80962 /* createButton.h */,
			);
			path = "Mac Review Log Tool";
			sourceTree = "<group>";
		};
/* End PBXGroup section */

/* Begin PBXNativeTarget section */
		1DB950BC2295BFBE00FC16EE /* Mac Review Log Tool */ = {
			isa = PBXNativeTarget;
			buildConfigurationList = 1DB950CF2295BFC000FC16EE /* Build configuration list for PBXNativeTarget "Mac Review Log Tool" */;
			buildPhases = (
				1DB950B92295BFBE00FC16EE /* Sources */,
				1DB950BA2295BFBE00FC16EE /* Frameworks */,
				1DB950BB2295BFBE00FC16EE /* Resources */,
			);
			buildRules = (
			);
			dependencies = (
			);
			name = "Mac Review Log Tool";
			productName = "Mac Review Log Tool";
			productReference = 1DB950BD2295BFBE00FC16EE /* Mac Review Log Tool.app */;
			productType = "com.apple.product-type.application";
		};
/* End PBXNativeTarget section */

/* Begin PBXProject section */
		1DB950B52295BFBE00FC16EE /* Project object */ = {
			isa = PBXProject;
			attributes = {
				LastUpgradeCheck = 1010;
				ORGANIZATIONNAME = "Rick McIlraith";
				TargetAttributes = {
					1DB950BC2295BFBE00FC16EE = {
						CreatedOnToolsVersion = 10.1;
					};
				};
			};
			buildConfigurationList = 1DB950B82295BFBE00FC16EE /* Build configuration list for PBXProject "Mac Review Log Tool" */;
			compatibilityVersion = "Xcode 9.3";
			developmentRegion = en;
			hasScannedForEncodings = 0;
			knownRegions = (
				en,
				Base,
			);
			mainGroup = 1DB950B42295BFBE00FC16EE;
			productRefGroup = 1DB950BE2295BFBE00FC16EE /* Products */;
			projectDirPath = "";
			projectRoot = "";
			targets = (
				1DB950BC2295BFBE00FC16EE /* Mac Review Log Tool */,
			);
		};
/* End PBXProject section */

/* Begin PBXResourcesBuildPhase section */
		1DB950BB2295BFBE00FC16EE /* Resources */ = {
			isa = PBXResourcesBuildPhase;
			buildActionMask = 2147483647;
			files = (
				1DB950C62295BFC000FC16EE /* Assets.xcassets in Resources */,
				1DB950C92295BFC000FC16EE /* MainMenu.xib in Resources */,
			);
			runOnlyForDeploymentPostprocessing = 0;
		};
/* End PBXResourcesBuildPhase section */

/* Begin PBXSourcesBuildPhase section */
		1DB950B92295BFBE00FC16EE /* Sources */ = {
			isa = PBXSourcesBuildPhase;
			buildActionMask = 2147483647;
			files = (
				1D05D72F2298835600A80962 /* createButton.m in Sources */,
				1DB950CC2295BFC000FC16EE /* main.m in Sources */,
				1DB950C42295BFBE00FC16EE /* AppDelegate.applescript in Sources */,
			);
			runOnlyForDeploymentPostprocessing = 0;
		};
/* End PBXSourcesBuildPhase section */

/* Begin PBXVariantGroup section */
		1DB950C72295BFC000FC16EE /* MainMenu.xib */ = {
			isa = PBXVariantGroup;
			children = (
				1DB950C82295BFC000FC16EE /* Base */,
			);
			name = MainMenu.xib;
			sourceTree = "<group>";
		};
/* End PBXVariantGroup section */

/* Begin XCBuildConfiguration section */
		1DB950CD2295BFC000FC16EE /* Debug */ = {
			isa = XCBuildConfiguration;
			buildSettings = {
				ALWAYS_SEARCH_USER_PATHS = NO;
				CLANG_ANALYZER_NONNULL = YES;
				CLANG_ANALYZER_NUMBER_OBJECT_CONVERSION = YES_AGGRESSIVE;
				CLANG_CXX_LANGUAGE_STANDARD = "gnu++14";
				CLANG_CXX_LIBRARY = "libc++";
				CLANG_ENABLE_MODULES = YES;
				CLANG_ENABLE_OBJC_ARC = YES;
				CLANG_ENABLE_OBJC_WEAK = YES;
				CLANG_WARN_BLOCK_CAPTURE_AUTORELEASING = YES;
				CLANG_WARN_BOOL_CONVERSION = YES;
				CLANG_WARN_COMMA = YES;
				CLANG_WARN_CONSTANT_CONVERSION = YES;
				CLANG_WARN_DEPRECATED_OBJC_IMPLEMENTATIONS = YES;
				CLANG_WARN_DIRECT_OBJC_ISA_USAGE = YES_ERROR;
				CLANG_WARN_DOCUMENTATION_COMMENTS = YES;
				CLANG_WARN_EMPTY_BODY = YES;
				CLANG_WARN_ENUM_CONVERSION = YES;
				CLANG_WARN_INFINITE_RECURSION = YES;
				CLANG_WARN_INT_CONVERSION = YES;
				CLANG_WARN_NON_LITERAL_NULL_CONVERSION = YES;
				CLANG_WARN_OBJC_IMPLICIT_RETAIN_SELF = YES;
				CLANG_WARN_OBJC_LITERAL_CONVERSION = YES;
				CLANG_WARN_OBJC_ROOT_CLASS = YES_ERROR;
				CLANG_WARN_RANGE_LOOP_ANALYSIS = YES;
				CLANG_WARN_STRICT_PROTOTYPES = YES;
				CLANG_WARN_SUSPICIOUS_MOVE = YES;
				CLANG_WARN_UNGUARDED_AVAILABILITY = YES_AGGRESSIVE;
				CLANG_WARN_UNREACHABLE_CODE = YES;
				CLANG_WARN__DUPLICATE_METHOD_MATCH = YES;
				CODE_SIGN_IDENTITY = "Mac Developer";
				COPY_PHASE_STRIP = NO;
				DEBUG_INFORMATION_FORMAT = dwarf;
				ENABLE_STRICT_OBJC_MSGSEND = YES;
				ENABLE_TESTABILITY = YES;
				GCC_C_LANGUAGE_STANDARD = gnu11;
				GCC_DYNAMIC_NO_PIC = NO;
				GCC_NO_COMMON_BLOCKS = YES;
				GCC_OPTIMIZATION_LEVEL = 0;
				GCC_PREPROCESSOR_DEFINITIONS = (
					"DEBUG=1",
					"$(inherited)",
				);
				GCC_WARN_64_TO_32_BIT_CONVERSION = YES;
				GCC_WARN_ABOUT_RETURN_TYPE = YES_ERROR;
				GCC_WARN_UNDECLARED_SELECTOR = YES;
				GCC_WARN_UNINITIALIZED_AUTOS = YES_AGGRESSIVE;
				GCC_WARN_UNUSED_FUNCTION = YES;
				GCC_WARN_UNUSED_VARIABLE = YES;
				MACOSX_DEPLOYMENT_TARGET = 10.14;
				MTL_ENABLE_DEBUG_INFO = INCLUDE_SOURCE;
				MTL_FAST_MATH = YES;
				ONLY_ACTIVE_ARCH = YES;
				SDKROOT = macosx;
			};
			name = Debug;
		};
		1DB950CE2295BFC000FC16EE /* Release */ = {
			isa = XCBuildConfiguration;
			buildSettings = {
				ALWAYS_SEARCH_USER_PATHS = NO;
				CLANG_ANALYZER_NONNULL = YES;
				CLANG_ANALYZER_NUMBER_OBJECT_CONVERSION = YES_AGGRESSIVE;
				CLANG_CXX_LANGUAGE_STANDARD = "gnu++14";
				CLANG_CXX_LIBRARY = "libc++";
				CLANG_ENABLE_MODULES = YES;
				CLANG_ENABLE_OBJC_ARC = YES;
				CLANG_ENABLE_OBJC_WEAK = YES;
				CLANG_WARN_BLOCK_CAPTURE_AUTORELEASING = YES;
				CLANG_WARN_BOOL_CONVERSION = YES;
				CLANG_WARN_COMMA = YES;
				CLANG_WARN_CONSTANT_CONVERSION = YES;
				CLANG_WARN_DEPRECATED_OBJC_IMPLEMENTATIONS = YES;
				CLANG_WARN_DIRECT_OBJC_ISA_USAGE = YES_ERROR;
				CLANG_WARN_DOCUMENTATION_COMMENTS = YES;
				CLANG_WARN_EMPTY_BODY = YES;
				CLANG_WARN_ENUM_CONVERSION = YES;
				CLANG_WARN_INFINITE_RECURSION = YES;
				CLANG_WARN_INT_CONVERSION = YES;
				CLANG_WARN_NON_LITERAL_NULL_CONVERSION = YES;
				CLANG_WARN_OBJC_IMPLICIT_RETAIN_SELF = YES;
				CLANG_WARN_OBJC_LITERAL_CONVERSION = YES;
				CLANG_WARN_OBJC_ROOT_CLASS = YES_ERROR;
				CLANG_WARN_RANGE_LOOP_ANALYSIS = YES;
				CLANG_WARN_STRICT_PROTOTYPES = YES;
				CLANG_WARN_SUSPICIOUS_MOVE = YES;
				CLANG_WARN_UNGUARDED_AVAILABILITY = YES_AGGRESSIVE;
				CLANG_WARN_UNREACHABLE_CODE = YES;
				CLANG_WARN__DUPLICATE_METHOD_MATCH = YES;
				CODE_SIGN_IDENTITY = "Mac Developer";
				COPY_PHASE_STRIP = NO;
				DEBUG_INFORMATION_FORMAT = "dwarf-with-dsym";
				ENABLE_NS_ASSERTIONS = NO;
				ENABLE_STRICT_OBJC_MSGSEND = YES;
				GCC_C_LANGUAGE_STANDARD = gnu11;
				GCC_NO_COMMON_BLOCKS = YES;
				GCC_WARN_64_TO_32_BIT_CONVERSION = YES;
				GCC_WARN_ABOUT_RETURN_TYPE = YES_ERROR;
				GCC_WARN_UNDECLARED_SELECTOR = YES;
				GCC_WARN_UNINITIALIZED_AUTOS = YES_AGGRESSIVE;
				GCC_WARN_UNUSED_FUNCTION = YES;
				GCC_WARN_UNUSED_VARIABLE = YES;
				MACOSX_DEPLOYMENT_TARGET = 10.14;
				MTL_ENABLE_DEBUG_INFO = NO;
				MTL_FAST_MATH = YES;
				SDKROOT = macosx;
			};
			name = Release;
		};
		1DB950D02295BFC000FC16EE /* Debug */ = {
			isa = XCBuildConfiguration;
			buildSettings = {
				ASSETCATALOG_COMPILER_APPICON_NAME = AppIcon;
				CODE_SIGN_STYLE = Automatic;
				COMBINE_HIDPI_IMAGES = YES;
				DEVELOPMENT_TEAM = 3383GWAP7Z;
				INFOPLIST_FILE = "Mac Review Log Tool/Info.plist";
				LD_RUNPATH_SEARCH_PATHS = (
					"$(inherited)",
					"@executable_path/../Frameworks",
				);
				PRODUCT_BUNDLE_IDENTIFIER = "Sponge.Mac-Review-Log-Tool";
				PRODUCT_NAME = "$(TARGET_NAME)";
			};
			name = Debug;
		};
		1DB950D12295BFC000FC16EE /* Release */ = {
			isa = XCBuildConfiguration;
			buildSettings = {
				ASSETCATALOG_COMPILER_APPICON_NAME = AppIcon;
				CODE_SIGN_STYLE = Automatic;
				COMBINE_HIDPI_IMAGES = YES;
				DEVELOPMENT_TEAM = 3383GWAP7Z;
				INFOPLIST_FILE = "Mac Review Log Tool/Info.plist";
				LD_RUNPATH_SEARCH_PATHS = (
					"$(inherited)",
					"@executable_path/../Frameworks",
				);
				PRODUCT_BUNDLE_IDENTIFIER = "Sponge.Mac-Review-Log-Tool";
				PRODUCT_NAME = "$(TARGET_NAME)";
			};
			name = Release;
		};
/* End XCBuildConfiguration section */

/* Begin XCConfigurationList section */
		1DB950B82295BFBE00FC16EE /* Build configuration list for PBXProject "Mac Review Log Tool" */ = {
			isa = XCConfigurationList;
			buildConfigurations = (
				1DB950CD2295BFC000FC16EE /* Debug */,
				1DB950CE2295BFC000FC16EE /* Release */,
			);
			defaultConfigurationIsVisible = 0;
			defaultConfigurationName = Release;
		};
		1DB950CF2295BFC000FC16EE /* Build configuration list for PBXNativeTarget "Mac Review Log Tool" */ = {
			isa = XCConfigurationList;
			buildConfigurations = (
				1DB950D02295BFC000FC16EE /* Debug */,
				1DB950D12295BFC000FC16EE /* Release */,
			);
			defaultConfigurationIsVisible = 0;
			defaultConfigurationName = Release;
		};
/* End XCConfigurationList section */
	};
	rootObject = 1DB950B52295BFBE00FC16EE /* Project object */;
}
